{
  "nodes": {
    "adios": {
      "locked": {
        "lastModified": 1772186395,
        "narHash": "sha256-NshyMZYZwjKMLKEX0eDf9Fcekq8MFNFk02wW5knzlZU=",
        "owner": "adisbladis",
        "repo": "adios",
        "rev": "6a54071689ec9ec784a16e4eec8ddb864eca2982",
        "type": "github"
      },
      "original": {
        "owner": "adisbladis",
        "repo": "adios",
        "type": "github"
      }
    },
    "adios-flake": {
      "inputs": {
        "adios": "adios"
      },
      "locked": {
        "lastModified": 1774283004,
        "narHash": "sha256-05W10Synp+J/WTty2PfedeXi119QhsCzOOGMnQB53G4=",
        "owner": "Mic92",
        "repo": "adios-flake",
        "rev": "957ede25f5aaaeb3b2a502f1bf55e472c80eb7a5",
        "type": "github"
      },
      "original": {
        "owner": "Mic92",
        "repo": "adios-flake",
        "type": "github"
      }
    },
    "base-orbital-compat-src": {
      "flake": false,
      "locked": {
        "host": "gitlab.redox-os.org",
        "lastModified": 1765748613,
        "narHash": "sha256-np5hnvfNlYsgFPqxZ7wVYQEci6dYglHeCoNhLr5dPF4=",
        "owner": "redox-os",
        "repo": "base",
        "rev": "620b4bd80c4f437adcaeec570b6cbba0487506d3",
        "type": "gitlab"
      },
      "original": {
        "host": "gitlab.redox-os.org",
        "owner": "redox-os",
        "repo": "base",
        "rev": "620b4bd80c4f437adcaeec570b6cbba0487506d3",
        "type": "gitlab"
      }
    },
    "base-src": {
      "flake": false,
      "locked": {
        "host": "gitlab.redox-os.org",
        "lastModified": 1779020208,
        "narHash": "sha256-5CDcH5dUArp6PwcJGYEDu0Xn69jX+/aYVzK8ba9TIAw=",
        "owner": "redox-os",
        "repo": "base",
        "rev": "2dbc3c46a3bd0d2a1ace75cfc95ff68cbfe0eaa3",
        "type": "gitlab"
      },
      "original": {
        "host": "gitlab.redox-os.org",
        "owner": "redox-os",
        "ref": "main",
        "repo": "base",
        "type": "gitlab"
      }
    },
    "bat-src": {
      "flake": false,
      "locked": {
        "lastModified": 1697044452,
        "narHash": "sha256-1RjlJEmY/jMf0IYQbrWrT1CHFyiqgarOl72u9xjjQiQ=",
        "owner": "sharkdp",
        "repo": "bat",
        "rev": "fc9546854f5a7b38823f4990453c6cde386bfd3b",
        "type": "github"
      },
      "original": {
        "owner": "sharkdp",
        "ref": "v0.24.0",
        "repo": "bat",
        "type": "github"
      }
    },
    "binutils-src": {
      "flake": false,
      "locked": {
        "host": "gitlab.redox-os.org",
        "lastModified": 1753534630,
        "narHash": "sha256-rA4538n+260JYCycVgWpCloxQULh/uSBcXolkvw9fPk=",
        "owner": "redox-os",
        "repo": "binutils",
        "rev": "d26234f8841c23c6c284f2892dfab5fde1c731ef",
        "type": "gitlab"
      },
      "original": {
        "host": "gitlab.redox-os.org",
        "owner": "redox-os",
        "ref": "master",
        "repo": "binutils",
        "type": "gitlab"
      }
    },
    "bootloader-src": {
      "flake": false,
      "locked": {
        "host": "gitlab.redox-os.org",
        "lastModified": 1776527089,
        "narHash": "sha256-0JPqslRn8Quddlo+kPA9+hOydGSzKRT0U3a9VJmuQLg=",
        "owner": "redox-os",
        "repo": "bootloader",
        "rev": "b22a35c467a8b95af6b856be0906fc60f81e846f",
        "type": "gitlab"
      },
      "original": {
        "host": "gitlab.redox-os.org",
        "owner": "redox-os",
        "ref": "master",
        "repo": "bootloader",
        "type": "gitlab"
      }
    },
    "bottom-src": {
      "flake": false,
      "locked": {
        "lastModified": 1759876296,
        "narHash": "sha256-xX7W137OCMbdOsuFSv7lvKn67jDUKuKmtTSRt5Bb3i0=",
        "owner": "ClementTsang",
        "repo": "bottom",
        "rev": "6dc02ea0413dc72af1d6cf84106e791361c65c3c",
        "type": "github"
      },
      "original": {
        "owner": "ClementTsang",
        "ref": "0.11.2",
        "repo": "bottom",
        "type": "github"
      }
    },
    "buffer-pool-src": {
      "flake": false,
      "locked": {
        "host": "gitlab.redox-os.org",
        "lastModified": 1624347049,
        "narHash": "sha256-VzvNEwLd9dgEVtd3l8ibLRyRuU1Cq2ysJJY42yBk+Uo=",
        "owner": "redox-os",
        "repo": "redox-buffer-pool",
        "rev": "60a2d03c68b723a4a7034054efe682e01831c362",
        "type": "gitlab"
      },
      "original": {
        "host": "gitlab.redox-os.org",
        "owner": "redox-os",
        "ref": "master",
        "repo": "redox-buffer-pool",
        "type": "gitlab"
      }
    },
    "ca-certificates-src": {
      "flake": false,
      "locked": {
        "host": "gitlab.redox-os.org",
        "lastModified": 1736783256,
        "narHash": "sha256-+rLomQsBhSPScaDdeaPjTRPBenYQCPVWt/w40LcIPZM=",
        "owner": "redox-os",
        "repo": "ca-certificates",
        "rev": "8139d99ed9cee43280f435ec3d52730e21e7f459",
        "type": "gitlab"
      },
      "original": {
        "host": "gitlab.redox-os.org",
        "owner": "redox-os",
        "ref": "master",
        "repo": "ca-certificates",
        "type": "gitlab"
      }
    },
    "cc-rs-src": {
      "flake": false,
      "locked": {
        "lastModified": 1727611272,
        "narHash": "sha256-qHnTYnx6aUDDZSuoVX521HPc6oC5mF4qJDCJEDZe9u0=",
        "owner": "tea",
        "repo": "cc-rs",
        "rev": "588ceacb084af41415690c57688e338a32a1f1b4",
        "type": "github"
      },
      "original": {
        "owner": "tea",
        "ref": "riscv-abi-arch-fix",
        "repo": "cc-rs",
        "type": "github"
      }
    },
    "compiler-builtins-src": {
      "flake": false,
      "locked": {
        "host": "gitlab.redox-os.org",
        "lastModified": 1644974285,
        "narHash": "sha256-zWnDtiM5F6O8EZJjrpcFbaflg3/DF2MlAA3D2TOFkBo=",
        "owner": "redox-os",
        "repo": "compiler-builtins",
        "rev": "4f7ca0a343314e7c534be194a06ef78734243884",
        "type": "gitlab"
      },
      "original": {
        "host": "gitlab.redox-os.org",
        "owner": "redox-os",
        "ref": "relibc_fix_dup_symbols",
        "repo": "compiler-builtins",
        "type": "gitlab"
      }
    },
    "contain-src": {
      "flake": false,
      "locked": {
        "host": "gitlab.redox-os.org",
        "lastModified": 1704309716,
        "narHash": "sha256-3X0zFCqOqhiEUBfe2om6/mkeY7ZKd4Do0HX5YyZ8a+o=",
        "owner": "redox-os",
        "repo": "contain",
        "rev": "e6b885677cb3934ebb777865bf139ad0b1c06a37",
        "type": "gitlab"
      },
      "original": {
        "host": "gitlab.redox-os.org",
        "owner": "redox-os",
        "ref": "master",
        "repo": "contain",
        "type": "gitlab"
      }
    },
    "crane": {
      "locked": {
        "lastModified": 1779130139,
        "narHash": "sha256-BLrtr42azquO7MdGFU5a7KiMl3YpFlTeIXqy1fT5GlQ=",
        "owner": "ipetkov",
        "repo": "crane",
        "rev": "edb38893982a3338972bb4a2ec7ce7c29ba10fd9",
        "type": "github"
      },
      "original": {
        "owner": "ipetkov",
        "repo": "crane",
        "type": "github"
      }
    },
    "dlmalloc-rs-src": {
      "flake": false,
      "locked": {
        "host": "gitlab.redox-os.org",
        "lastModified": 1773930366,
        "narHash": "sha256-25WZcwK/NXrhWeWocWPZm6fOr37PIEvbiDsTDfcgGUc=",
        "owner": "redox-os",
        "repo": "dlmalloc-rs",
        "rev": "f23fc2eafe7fe310cb0248e6db421d475126a626",
        "type": "gitlab"
      },
      "original": {
        "host": "gitlab.redox-os.org",
        "owner": "redox-os",
        "ref": "main",
        "repo": "dlmalloc-rs",
        "type": "gitlab"
      }
    },
    "drm-rs-src": {
      "flake": false,
      "locked": {
        "lastModified": 1776706854,
        "narHash": "sha256-dfTQei7AFMynauurpc9K3cd7W3GgxxHTHPieUuqI8OY=",
        "owner": "Smithay",
        "repo": "drm-rs",
        "rev": "806a0db38db2c0d551f42bd34375693bf09f32f7",
        "type": "github"
      },
      "original": {
        "owner": "Smithay",
        "repo": "drm-rs",
        "type": "github"
      }
    },
    "dust-src": {
      "flake": false,
      "locked": {
        "lastModified": 1711404085,
        "narHash": "sha256-HAd7UgIZBEEm2/R+5gmGuha8p5Bjg6SoJRh+bbLN3SU=",
        "owner": "bootandy",
        "repo": "dust",
        "rev": "082f15a0e2a5e8a573a2a42a65f146e755b982ed",
        "type": "github"
      },
      "original": {
        "owner": "bootandy",
        "ref": "v1.0.0",
        "repo": "dust",
        "type": "github"
      }
    },
    "exampled-src": {
      "flake": false,
      "locked": {
        "host": "gitlab.redox-os.org",
        "lastModified": 1770693710,
        "narHash": "sha256-Ff2xShPG/dqT3hLbV7LRABL1MBYh94K7AO6c9j6DfFM=",
        "owner": "redox-os",
        "repo": "exampled",
        "rev": "3f6ae3a664cad3125da4e554d994a3755d5070f2",
        "type": "gitlab"
      },
      "original": {
        "host": "gitlab.redox-os.org",
        "owner": "redox-os",
        "ref": "master",
        "repo": "exampled",
        "type": "gitlab"
      }
    },
    "extrautils-src": {
      "flake": false,
      "locked": {
        "host": "gitlab.redox-os.org",
        "lastModified": 1778887305,
        "narHash": "sha256-Hg+Qwbv8YjPV1lonoxQUkI+503rkxUc34+ozHKAD1ak=",
        "owner": "redox-os",
        "repo": "extrautils",
        "rev": "97bf8c6b6eade670e98de18a04a6f1b08ebcaf84",
        "type": "gitlab"
      },
      "original": {
        "host": "gitlab.redox-os.org",
        "owner": "redox-os",
        "ref": "master",
        "repo": "extrautils",
        "type": "gitlab"
      }
    },
    "fd-src": {
      "flake": false,
      "locked": {
        "lastModified": 1724354860,
        "narHash": "sha256-B+lOohoPH7UkRxRNTzSVt0SDrqEwh4hIvBF3uWliDEI=",
        "owner": "sharkdp",
        "repo": "fd",
        "rev": "b19136871310b01500b4f09eadd7387b8476be47",
        "type": "github"
      },
      "original": {
        "owner": "sharkdp",
        "ref": "v10.2.0",
        "repo": "fd",
        "type": "github"
      }
    },
    "fdt-src": {
      "flake": false,
      "locked": {
        "lastModified": 1716054044,
        "narHash": "sha256-gdW9GA9IZatbz3YhPH6U2slIDeb1KQHUAJIVs2kQKYg=",
        "owner": "repnop",
        "repo": "fdt",
        "rev": "2fb1409edd1877c714a0aa36b6a7c5351004be54",
        "type": "github"
      },
      "original": {
        "owner": "repnop",
        "repo": "fdt",
        "rev": "2fb1409edd1877c714a0aa36b6a7c5351004be54",
        "type": "github"
      }
    },
    "filetime-src": {
      "flake": false,
      "locked": {
        "lastModified": 1724701795,
        "narHash": "sha256-lU7dPotdnmyleS2B75SmDab7qJfEzmJnHPF18CN/Y98=",
        "owner": "jackpot51",
        "repo": "filetime",
        "rev": "186e19d3190ead16b05329400cb5b2350d8f44cf",
        "type": "github"
      },
      "original": {
        "owner": "jackpot51",
        "repo": "filetime",
        "type": "github"
      }
    },
    "findutils-src": {
      "flake": false,
      "locked": {
        "host": "gitlab.redox-os.org",
        "lastModified": 1676151471,
        "narHash": "sha256-PB44tLl6/J8wnzA9GH/69MZvI1JfmUWGs93d6GOIL9w=",
        "owner": "redox-os",
        "repo": "findutils",
        "rev": "116c044399318bf1c77a0d97371b61999ee170b4",
        "type": "gitlab"
      },
      "original": {
        "host": "gitlab.redox-os.org",
        "owner": "redox-os",
        "ref": "master",
        "repo": "findutils",
        "type": "gitlab"
      }
    },
    "flake-compat": {
      "flake": false,
      "locked": {
        "lastModified": 1767039857,
        "narHash": "sha256-vNpUSpF5Nuw8xvDLj2KCwwksIbjua2LZCqhV1LNRDns=",
        "owner": "NixOS",
        "repo": "flake-compat",
        "rev": "5edf11c44bc78a0d334f6334cdaf7d60d732daab",
        "type": "github"
      },
      "original": {
        "owner": "NixOS",
        "repo": "flake-compat",
        "type": "github"
      }
    },
    "flake-parts": {
      "inputs": {
        "nixpkgs-lib": [
          "nixpkgs"
        ]
      },
      "locked": {
        "lastModified": 1778716662,
        "narHash": "sha256-m1Yf0wZ8j1OHjTc2UwHwyQRSnNeSgLJOd7q5Y45hzi4=",
        "owner": "hercules-ci",
        "repo": "flake-parts",
        "rev": "f7c1a2d347e4c52d5fb8d10cb4d94b5884e546fb",
        "type": "github"
      },
      "original": {
        "owner": "hercules-ci",
        "repo": "flake-parts",
        "type": "github"
      }
    },
    "flake-parts_2": {
      "inputs": {
        "nixpkgs-lib": [
          "unit2nix",
          "nixpkgs"
        ]
      },
      "locked": {
        "lastModified": 1775087534,
        "narHash": "sha256-91qqW8lhL7TLwgQWijoGBbiD4t7/q75KTi8NxjVmSmA=",
        "owner": "hercules-ci",
        "repo": "flake-parts",
        "rev": "3107b77cd68437b9a76194f0f7f9c55f2329ca5b",
        "type": "github"
      },
      "original": {
        "owner": "hercules-ci",
        "repo": "flake-parts",
        "type": "github"
      }
    },
    "games-src": {
      "flake": false,
      "locked": {
        "host": "gitlab.redox-os.org",
        "lastModified": 1664801157,
        "narHash": "sha256-IcwuDPwiKLLhjeykZvwwCL5sQPYJ1Xq06TJOWDV7tIY=",
        "owner": "redox-os",
        "repo": "games",
        "rev": "80349c4fc60b0440fd6d64892b8cbb53a4ff38c2",
        "type": "gitlab"
      },
      "original": {
        "host": "gitlab.redox-os.org",
        "owner": "redox-os",
        "ref": "master",
        "repo": "games",
        "type": "gitlab"
      }
    },
    "gdb-protocol-src": {
      "flake": false,
      "locked": {
        "host": "gitlab.redox-os.org",
        "lastModified": 1565896055,
        "narHash": "sha256-Ol5lweA5L0vOn+gxw6dLfsmLkX/Zv6K/msFAfKhdq/A=",
        "owner": "redox-os",
        "repo": "gdb-protocol",
        "rev": "457129fe30df52cb2b0c8540f971cdce91bf0aad",
        "type": "gitlab"
      },
      "original": {
        "host": "gitlab.redox-os.org",
        "owner": "redox-os",
        "ref": "master",
        "repo": "gdb-protocol",
        "type": "gitlab"
      }
    },
    "git-hooks": {
      "inputs": {
        "flake-compat": "flake-compat",
        "gitignore": "gitignore",
        "nixpkgs": [
          "nixpkgs"
        ]
      },
      "locked": {
        "lastModified": 1778507602,
        "narHash": "sha256-kTwur1wV+01SdqskVMSo6JMEpg71ps3HpbFY2GsflKs=",
        "owner": "cachix",
        "repo": "git-hooks.nix",
        "rev": "61ab0e80d9c7ab14c256b5b453d8b3fb0189ba0a",
        "type": "github"
      },
      "original": {
        "owner": "cachix",
        "repo": "git-hooks.nix",
        "type": "github"
      }
    },
    "gitignore": {
      "inputs": {
        "nixpkgs": [
          "git-hooks",
          "nixpkgs"
        ]
      },
      "locked": {
        "lastModified": 1709087332,
        "narHash": "sha256-HG2cCnktfHsKV0s4XW83gU3F57gaTljL9KNSuG6bnQs=",
        "owner": "hercules-ci",
        "repo": "gitignore.nix",
        "rev": "637db329424fd7e46cf4185293b9cc8c88c95394",
        "type": "github"
      },
      "original": {
        "owner": "hercules-ci",
        "repo": "gitignore.nix",
        "type": "github"
      }
    },
    "helix-src": {
      "flake": false,
      "locked": {
        "host": "gitlab.redox-os.org",
        "lastModified": 1719924337,
        "narHash": "sha256-3yhZuhbX6xEThkGbI1R7C5CGqUO37eZeihhej00t85g=",
        "owner": "redox-os",
        "repo": "helix",
        "rev": "a039755139d92737503f90652fa9b9e23035e128",
        "type": "gitlab"
      },
      "original": {
        "host": "gitlab.redox-os.org",
        "owner": "redox-os",
        "ref": "redox",
        "repo": "helix",
        "type": "gitlab"
      }
    },
    "hexyl-src": {
      "flake": false,
      "locked": {
        "lastModified": 1702333877,
        "narHash": "sha256-di7SBuB4LsnqlP3BdMcsSLj4zpyKA/ninVpRyR9AJaI=",
        "owner": "sharkdp",
        "repo": "hexyl",
        "rev": "7a9234c182b19070f8707468c572b5a0e6e704d4",
        "type": "github"
      },
      "original": {
        "owner": "sharkdp",
        "ref": "v0.14.0",
        "repo": "hexyl",
        "type": "github"
      }
    },
    "installer-src": {
      "flake": false,
      "locked": {
        "host": "gitlab.redox-os.org",
        "lastModified": 1779367461,
        "narHash": "sha256-BKjYRJNrYCU/sVJAt32sG6Ql9CBPL06ZOQakQUm1Wuo=",
        "owner": "redox-os",
        "repo": "installer",
        "rev": "847dca49c87314f04c4228ed3fa6da96fdee7d75",
        "type": "gitlab"
      },
      "original": {
        "host": "gitlab.redox-os.org",
        "owner": "redox-os",
        "ref": "master",
        "repo": "installer",
        "type": "gitlab"
      }
    },
    "intelflash-src": {
      "flake": false,
      "locked": {
        "host": "gitlab.redox-os.org",
        "lastModified": 1720222027,
        "narHash": "sha256-yGmZzaCce9/OfQHo0ahYEEhPGT9Ypd6PC/INnuRuG4A=",
        "owner": "redox-os",
        "repo": "intelflash",
        "rev": "457f92eafae87680b6350beb38f19d0ec22ba5f6",
        "type": "gitlab"
      },
      "original": {
        "host": "gitlab.redox-os.org",
        "owner": "redox-os",
        "ref": "master",
        "repo": "intelflash",
        "type": "gitlab"
      }
    },
    "ion-src": {
      "flake": false,
      "locked": {
        "host": "gitlab.redox-os.org",
        "lastModified": 1771204601,
        "narHash": "sha256-mgdCntKuhMoEL+TAejB0sQnVtQycY0jomiogj0GMseQ=",
        "owner": "redox-os",
        "repo": "ion",
        "rev": "1440704f7456fa4c9f873b7b17dd4f0369b0c4ab",
        "type": "gitlab"
      },
      "original": {
        "host": "gitlab.redox-os.org",
        "owner": "redox-os",
        "ref": "master",
        "repo": "ion",
        "type": "gitlab"
      }
    },
    "kernel-src": {
      "flake": false,
      "locked": {
        "host": "gitlab.redox-os.org",
        "lastModified": 1779258947,
        "narHash": "sha256-svZuJRtkbU+bEkSQVYGeTh/y3PIsnRoUkX8QhfxIf6M=",
        "owner": "redox-os",
        "repo": "kernel",
        "rev": "40e76875d7560dd5c683b84f1d6ec956c52b1f1e",
        "type": "gitlab"
      },
      "original": {
        "host": "gitlab.redox-os.org",
        "owner": "redox-os",
        "ref": "master",
        "repo": "kernel",
        "type": "gitlab"
      }
    },
    "kprofiling-src": {
      "flake": false,
      "locked": {
        "host": "gitlab.redox-os.org",
        "lastModified": 1778655161,
        "narHash": "sha256-N+F5LJtIEQ5RPOdCIATDmijutMlT4QOarQbF9P1TdbY=",
        "owner": "redox-os",
        "repo": "kprofiling",
        "rev": "5e11f55bee8cb3e56d2c65999f93e3c80adea954",
        "type": "gitlab"
      },
      "original": {
        "host": "gitlab.redox-os.org",
        "owner": "redox-os",
        "ref": "master",
        "repo": "kprofiling",
        "type": "gitlab"
      }
    },
    "liblibc-src": {
      "flake": false,
      "locked": {
        "host": "gitlab.redox-os.org",
        "lastModified": 1768937698,
        "narHash": "sha256-1dTwEqA4KAzUw/R4i9DyDvpDSyf8pvW7gSoAKZt82+4=",
        "owner": "redox-os",
        "repo": "liblibc",
        "rev": "bb7e4c633fabd9af4b161c4b077084f0da232e49",
        "type": "gitlab"
      },
      "original": {
        "host": "gitlab.redox-os.org",
        "owner": "redox-os",
        "ref": "redox-0.2",
        "repo": "liblibc",
        "type": "gitlab"
      }
    },
    "libredox-src": {
      "flake": false,
      "locked": {
        "host": "gitlab.redox-os.org",
        "lastModified": 1775769712,
        "narHash": "sha256-MQ9kb0KQLl3hFxx7IBqVw2Nu9sDsyXrnNlnBpBOfAQk=",
        "owner": "redox-os",
        "repo": "libredox",
        "rev": "f14358d4d8229e7c6b9a7d7aa303574a3cb3e7ea",
        "type": "gitlab"
      },
      "original": {
        "host": "gitlab.redox-os.org",
        "owner": "redox-os",
        "ref": "master",
        "repo": "libredox",
        "type": "gitlab"
      }
    },
    "netdb-src": {
      "flake": false,
      "locked": {
        "host": "gitlab.redox-os.org",
        "lastModified": 1511149750,
        "narHash": "sha256-Ei88cjh7tdHSrXJG+JkosDca3fodApU4djR6Izh0BRU=",
        "owner": "redox-os",
        "repo": "netdb",
        "rev": "2c1560629852f10c8cc3dde3d254f7c753d7557d",
        "type": "gitlab"
      },
      "original": {
        "host": "gitlab.redox-os.org",
        "owner": "redox-os",
        "ref": "master",
        "repo": "netdb",
        "type": "gitlab"
      }
    },
    "netutils-src": {
      "flake": false,
      "locked": {
        "host": "gitlab.redox-os.org",
        "lastModified": 1776532328,
        "narHash": "sha256-iyVAF0fryqu21GBlClwb+vgCGfuX6lw98QRtbZ9TP3U=",
        "owner": "redox-os",
        "repo": "netutils",
        "rev": "40a573b4b95fbb375fbe412f5cd799a42089a26e",
        "type": "gitlab"
      },
      "original": {
        "host": "gitlab.redox-os.org",
        "owner": "redox-os",
        "ref": "master",
        "repo": "netutils",
        "type": "gitlab"
      }
    },
    "nixpkgs": {
      "locked": {
        "lastModified": 1778869304,
        "narHash": "sha256-30sZNZoA1cqF5JNO9fVX+wgiQYjB7HJqqJ4ztCDeBZE=",
        "owner": "NixOS",
        "repo": "nixpkgs",
        "rev": "d233902339c02a9c334e7e593de68855ad26c4cb",
        "type": "github"
      },
      "original": {
        "owner": "NixOS",
        "ref": "nixos-unstable",
        "repo": "nixpkgs",
        "type": "github"
      }
    },
    "nixpkgs_2": {
      "locked": {
        "lastModified": 1774106199,
        "narHash": "sha256-US5Tda2sKmjrg2lNHQL3jRQ6p96cgfWh3J1QBliQ8Ws=",
        "owner": "NixOS",
        "repo": "nixpkgs",
        "rev": "6c9a78c09ff4d6c21d0319114873508a6ec01655",
        "type": "github"
      },
      "original": {
        "owner": "NixOS",
        "ref": "nixos-unstable",
        "repo": "nixpkgs",
        "type": "github"
      }
    },
    "object-src": {
      "flake": false,
      "locked": {
        "host": "gitlab.redox-os.org",
        "lastModified": 1736313393,
        "narHash": "sha256-1sLivUd2g2qMoNccoFjf77sSIN/k/M6oNCK6S2pISdA=",
        "owner": "andypython",
        "repo": "object",
        "rev": "7270e3f0d06e5ef4c2b80abc6166d31f4ddf4fea",
        "type": "gitlab"
      },
      "original": {
        "host": "gitlab.redox-os.org",
        "owner": "andypython",
        "ref": "master",
        "repo": "object",
        "type": "gitlab"
      }
    },
    "onefetch-src": {
      "flake": false,
      "locked": {
        "lastModified": 1667153550,
        "narHash": "sha256-ydRdnzOI9syfF2ox9vHA9Q0j8C7ZNb0b7CJfqUprPA0=",
        "owner": "o2sh",
        "repo": "onefetch",
        "rev": "a6e5ebb8eb90571f952b47c7d10b25dd8e43d55a",
        "type": "github"
      },
      "original": {
        "owner": "o2sh",
        "ref": "v2.13.2",
        "repo": "onefetch",
        "type": "github"
      }
    },
    "openlibm-src": {
      "flake": false,
      "locked": {
        "host": "gitlab.redox-os.org",
        "lastModified": 1757301398,
        "narHash": "sha256-jQoqfKE6CeXg/Gjy8O7wtlDQzxORRUqU56AoquCG7Y0=",
        "owner": "redox-os",
        "repo": "openlibm",
        "rev": "f5ed774593458e116e69731a3ffa59e2a6408d4e",
        "type": "gitlab"
      },
      "original": {
        "host": "gitlab.redox-os.org",
        "owner": "redox-os",
        "ref": "master",
        "repo": "openlibm",
        "type": "gitlab"
      }
    },
    "openssh-src": {
      "flake": false,
      "locked": {
        "lastModified": 1719808588,
        "narHash": "sha256-EJZAL6sPWZNxouKzz/zWXsqh7SOfzrG431KaBKlfZgg=",
        "type": "tarball",
        "url": "https://cdn.openbsd.org/pub/OpenBSD/OpenSSH/portable/openssh-9.8p1.tar.gz"
      },
      "original": {
        "type": "tarball",
        "url": "https://cdn.openbsd.org/pub/OpenBSD/OpenSSH/portable/openssh-9.8p1.tar.gz"
      }
    },
    "openssl-redox-src": {
      "flake": false,
      "locked": {
        "host": "gitlab.redox-os.org",
        "lastModified": 1763325406,
        "narHash": "sha256-E9nLb1hHAGDDjXPbLGC8139XV6VloJxcD1dIT3LM2Zw=",
        "owner": "redox-os",
        "repo": "openssl",
        "rev": "4718e756cf7a2be433113b844dda79de3d599d8f",
        "type": "gitlab"
      },
      "original": {
        "host": "gitlab.redox-os.org",
        "owner": "redox-os",
        "ref": "redox-v1",
        "repo": "openssl",
        "type": "gitlab"
      }
    },
    "openssl3-src": {
      "flake": false,
      "locked": {
        "lastModified": 1758024333,
        "narHash": "sha256-/c0IkPBVo/jkvI4KUznp9ojEsaJYt1FI7LRfTZJSfr0=",
        "type": "tarball",
        "url": "https://github.com/openssl/openssl/releases/download/openssl-3.5.3/openssl-3.5.3.tar.gz"
      },
      "original": {
        "type": "tarball",
        "url": "https://github.com/openssl/openssl/releases/download/openssl-3.5.3/openssl-3.5.3.tar.gz"
      }
    },
    "orbclient-src": {
      "flake": false,
      "locked": {
        "host": "gitlab.redox-os.org",
        "lastModified": 1778889420,
        "narHash": "sha256-29WHX2qHwJ8Z1RliXFtyubyNPFfsFEp0ueL9q3LW/cw=",
        "owner": "redox-os",
        "repo": "orbclient",
        "rev": "fa2b2f5d0b3ba5eadcafaeaa86628c7c9abf385b",
        "type": "gitlab"
      },
      "original": {
        "host": "gitlab.redox-os.org",
        "owner": "redox-os",
        "ref": "master",
        "repo": "orbclient",
        "type": "gitlab"
      }
    },
    "orbdata-src": {
      "flake": false,
      "locked": {
        "host": "gitlab.redox-os.org",
        "lastModified": 1769374401,
        "narHash": "sha256-vu5w4gEucG+pHCSDPYSeL3FL/iel26f0lKpriyKSQQM=",
        "owner": "redox-os",
        "repo": "orbdata",
        "rev": "91a1f08ab0270b480c8a760b3bd07b2aec8efd1d",
        "type": "gitlab"
      },
      "original": {
        "host": "gitlab.redox-os.org",
        "owner": "redox-os",
        "ref": "master",
        "repo": "orbdata",
        "type": "gitlab"
      }
    },
    "orbfont-src": {
      "flake": false,
      "locked": {
        "host": "gitlab.redox-os.org",
        "lastModified": 1678240559,
        "narHash": "sha256-l7DAObnQnXfew8rn9JApmon/QMF70YoS4sxKI316Wr8=",
        "owner": "redox-os",
        "repo": "orbfont",
        "rev": "7d3be07e310fe42692968f0d5edd9598ddf9ed62",
        "type": "gitlab"
      },
      "original": {
        "host": "gitlab.redox-os.org",
        "owner": "redox-os",
        "ref": "master",
        "repo": "orbfont",
        "type": "gitlab"
      }
    },
    "orbimage-src": {
      "flake": false,
      "locked": {
        "host": "gitlab.redox-os.org",
        "lastModified": 1551119480,
        "narHash": "sha256-YPkZHSFYa8T1wLx6KnTaX+mW+8uRTxudc4zY1mQ5e50=",
        "owner": "redox-os",
        "repo": "orbimage",
        "rev": "6ac674e165746cc17615d04728df7d244959a3ba",
        "type": "gitlab"
      },
      "original": {
        "host": "gitlab.redox-os.org",
        "owner": "redox-os",
        "ref": "master",
        "repo": "orbimage",
        "type": "gitlab"
      }
    },
    "orbital-src": {
      "flake": false,
      "locked": {
        "host": "gitlab.redox-os.org",
        "lastModified": 1779192243,
        "narHash": "sha256-JjMA+kQxl7Sx0WJUYZR0eb0kvLWjlFmwG52SJ9WtoaU=",
        "owner": "redox-os",
        "repo": "orbital",
        "rev": "3b60d28a8b61eafdf3290d15d0e3fdcbcc63b755",
        "type": "gitlab"
      },
      "original": {
        "host": "gitlab.redox-os.org",
        "owner": "redox-os",
        "ref": "master",
        "repo": "orbital",
        "type": "gitlab"
      }
    },
    "orbterm-src": {
      "flake": false,
      "locked": {
        "host": "gitlab.redox-os.org",
        "lastModified": 1729170282,
        "narHash": "sha256-cAhE9K1z+BtBOEIF0AXorqR8PyXdEFgL0cTDL7DGrog=",
        "owner": "redox-os",
        "repo": "orbterm",
        "rev": "8ac498177e0913034ab8e1879e1127c2034eed30",
        "type": "gitlab"
      },
      "original": {
        "host": "gitlab.redox-os.org",
        "owner": "redox-os",
        "ref": "master",
        "repo": "orbterm",
        "type": "gitlab"
      }
    },
    "orbutils-src": {
      "flake": false,
      "locked": {
        "host": "gitlab.redox-os.org",
        "lastModified": 1778069858,
        "narHash": "sha256-3uYgoOmvv46zz4VAoKPOq+PfYf3HQ4THBKYXakT4HEs=",
        "owner": "redox-os",
        "repo": "orbutils",
        "rev": "46b6d063c66b9bacdc6bfba215257c98b9b7dd44",
        "type": "gitlab"
      },
      "original": {
        "host": "gitlab.redox-os.org",
        "owner": "redox-os",
        "ref": "master",
        "repo": "orbutils",
        "type": "gitlab"
      }
    },
    "perg-src": {
      "flake": false,
      "locked": {
        "lastModified": 1641281658,
        "narHash": "sha256-w1uUZcJl7kGYivfZ/ZdBeUpMyeo+mrvqWXlG20JSF/c=",
        "owner": "guerinoni",
        "repo": "perg",
        "rev": "e206fab6bbd9c363c686fa7503d318304e48ddbe",
        "type": "github"
      },
      "original": {
        "owner": "guerinoni",
        "ref": "0.6.0",
        "repo": "perg",
        "type": "github"
      }
    },
    "pkgar-src": {
      "flake": false,
      "locked": {
        "host": "gitlab.redox-os.org",
        "lastModified": 1774529896,
        "narHash": "sha256-2dSgrO52d1YzGOnFgpTj9mUzxY1p4AMsgrHvsdID3TI=",
        "owner": "redox-os",
        "repo": "pkgar",
        "rev": "ee2bcb2af97eba496ebd8eaf44f5acbed452c4ec",
        "type": "gitlab"
      },
      "original": {
        "host": "gitlab.redox-os.org",
        "owner": "redox-os",
        "ref": "master",
        "repo": "pkgar",
        "type": "gitlab"
      }
    },
    "pkgutils-src": {
      "flake": false,
      "locked": {
        "host": "gitlab.redox-os.org",
        "lastModified": 1777131929,
        "narHash": "sha256-Tz2FrSBObxk1J3DyeI2pzkVWrc9pNBXkP7JMElWAg0U=",
        "owner": "redox-os",
        "repo": "pkgutils",
        "rev": "70c50671eb6b2d76889529d7b13ab6f222047a80",
        "type": "gitlab"
      },
      "original": {
        "host": "gitlab.redox-os.org",
        "owner": "redox-os",
        "ref": "master",
        "repo": "pkgutils",
        "type": "gitlab"
      }
    },
    "redox-log-src": {
      "flake": false,
      "locked": {
        "host": "gitlab.redox-os.org",
        "lastModified": 1768742706,
        "narHash": "sha256-rJUrJN/ERSHeEZvCfD0jaQQyjSjXLNRl4aabap0p3D0=",
        "owner": "redox-os",
        "repo": "redox-log",
        "rev": "ac8cbc40a281879f1fee77483342edcc4de89983",
        "type": "gitlab"
      },
      "original": {
        "host": "gitlab.redox-os.org",
        "owner": "redox-os",
        "ref": "master",
        "repo": "redox-log",
        "type": "gitlab"
      }
    },
    "redox-path-src": {
      "flake": false,
      "locked": {
        "host": "gitlab.redox-os.org",
        "lastModified": 1709844628,
        "narHash": "sha256-MwQVPODweUG5EFXr7O+9jHjmRdy2TFLTgXoLmbzjgQo=",
        "owner": "redox-os",
        "repo": "redox-path",
        "rev": "9ef3ff95709b0296a69e2223b7f2474bfb721bf1",
        "type": "gitlab"
      },
      "original": {
        "host": "gitlab.redox-os.org",
        "owner": "redox-os",
        "ref": "main",
        "repo": "redox-path",
        "type": "gitlab"
      }
    },
    "redox-scheme-src": {
      "flake": false,
      "locked": {
        "host": "gitlab.redox-os.org",
        "lastModified": 1772251203,
        "narHash": "sha256-HhO7lUQrKqsVrDuFw5pDVWy92mCI3v6p8tD9XQPEzlY=",
        "owner": "redox-os",
        "repo": "redox-scheme",
        "rev": "51c22c9bcd786af946dd016186cb0a7a5da6f895",
        "type": "gitlab"
      },
      "original": {
        "host": "gitlab.redox-os.org",
        "owner": "redox-os",
        "ref": "master",
        "repo": "redox-scheme",
        "type": "gitlab"
      }
    },
    "redox-src": {
      "flake": false,
      "locked": {
        "host": "gitlab.redox-os.org",
        "lastModified": 1779392509,
        "narHash": "sha256-pLDRaW7/zpI+45xWxVDyVerSAUTW7kaSSRiuI5KvG9U=",
        "owner": "redox-os",
        "repo": "redox",
        "rev": "3214d8bdf0ae0614782696f163564a758dded93d",
        "type": "gitlab"
      },
      "original": {
        "host": "gitlab.redox-os.org",
        "owner": "redox-os",
        "ref": "master",
        "repo": "redox",
        "type": "gitlab"
      }
    },
    "redox-syscall-src": {
      "flake": false,
      "locked": {
        "host": "gitlab.redox-os.org",
        "lastModified": 1777919422,
        "narHash": "sha256-YqgIFP+VpfQpS+PxqFUzLe9uVB4DlkV3/OWPOixllZM=",
        "owner": "redox-os",
        "repo": "syscall",
        "rev": "e3c2b74dafeb52b064e5d6a6a4520cf4d207a4de",
        "type": "gitlab"
      },
      "original": {
        "host": "gitlab.redox-os.org",
        "owner": "redox-os",
        "ref": "master",
        "repo": "syscall",
        "type": "gitlab"
      }
    },
    "redoxer-src": {
      "flake": false,
      "locked": {
        "host": "gitlab.redox-os.org",
        "lastModified": 1778592821,
        "narHash": "sha256-QEHPEtO1oNxM/jEgugUnw0yK7O3sgP7i6V7IqHHkC18=",
        "owner": "redox-os",
        "repo": "redoxer",
        "rev": "afb416a7ba025d2d696cd7cad63b9361e07464b7",
        "type": "gitlab"
      },
      "original": {
        "host": "gitlab.redox-os.org",
        "owner": "redox-os",
        "ref": "master",
        "repo": "redoxer",
        "type": "gitlab"
      }
    },
    "redoxfs-src": {
      "flake": false,
      "locked": {
        "host": "gitlab.redox-os.org",
        "lastModified": 1778679852,
        "narHash": "sha256-A4quA79pGpTLVyjGTYKx03khT0kFiHAt1+cVByeKxmw=",
        "owner": "redox-os",
        "repo": "redoxfs",
        "rev": "af493b9f4e1ee7086bc6e44a43f096d981936cfe",
        "type": "gitlab"
      },
      "original": {
        "host": "gitlab.redox-os.org",
        "owner": "redox-os",
        "ref": "master",
        "repo": "redoxfs",
        "type": "gitlab"
      }
    },
    "relibc-src": {
      "flake": false,
      "locked": {
        "host": "gitlab.redox-os.org",
        "lastModified": 1779367777,
        "narHash": "sha256-H7OkpePPRUkEeUe74eZuGcnt9DxJkmaS/ZX26cgUixQ=",
        "owner": "redox-os",
        "repo": "relibc",
        "rev": "0f216b2fa060f7e2067adc4188bb43fa18acd801",
        "type": "gitlab"
      },
      "original": {
        "host": "gitlab.redox-os.org",
        "owner": "redox-os",
        "ref": "master",
        "repo": "relibc",
        "type": "gitlab"
      }
    },
    "ring-redox-src": {
      "flake": false,
      "locked": {
        "host": "gitlab.redox-os.org",
        "lastModified": 1729282070,
        "narHash": "sha256-V3sV4m69eFsOF26OfhjnEKoTiEyS1kHxEuECALwgcgQ=",
        "owner": "redox-os",
        "repo": "ring",
        "rev": "fce20f12b6aad164a1a7e13ae1dcb46422b171c0",
        "type": "gitlab"
      },
      "original": {
        "host": "gitlab.redox-os.org",
        "owner": "redox-os",
        "ref": "redox-0.17.8",
        "repo": "ring",
        "type": "gitlab"
      }
    },
    "ripgrep-src": {
      "flake": false,
      "locked": {
        "lastModified": 1725848100,
        "narHash": "sha256-gyWnahj1A+iXUQlQ1O1H1u7K5euYQOld9qWm99Vjaeg=",
        "owner": "BurntSushi",
        "repo": "ripgrep",
        "rev": "4649aa9700619f94cf9c66876e9549d83420e16c",
        "type": "github"
      },
      "original": {
        "owner": "BurntSushi",
        "ref": "14.1.1",
        "repo": "ripgrep",
        "type": "github"
      }
    },
    "rmm-src": {
      "flake": false,
      "locked": {
        "host": "gitlab.redox-os.org",
        "lastModified": 1771507419,
        "narHash": "sha256-nfm7BT1nhNDkvj3oUuUmD5SlFD09gOvLxxxVPhZkd5M=",
        "owner": "redox-os",
        "repo": "rmm",
        "rev": "e543cbe621b21875549c9d12a73810633f3d0c63",
        "type": "gitlab"
      },
      "original": {
        "host": "gitlab.redox-os.org",
        "owner": "redox-os",
        "ref": "master",
        "repo": "rmm",
        "type": "gitlab"
      }
    },
    "root": {
      "inputs": {
        "adios-flake": "adios-flake",
        "base-orbital-compat-src": "base-orbital-compat-src",
        "base-src": "base-src",
        "bat-src": "bat-src",
        "binutils-src": "binutils-src",
        "bootloader-src": "bootloader-src",
        "bottom-src": "bottom-src",
        "buffer-pool-src": "buffer-pool-src",
        "ca-certificates-src": "ca-certificates-src",
        "cc-rs-src": "cc-rs-src",
        "compiler-builtins-src": "compiler-builtins-src",
        "contain-src": "contain-src",
        "crane": "crane",
        "dlmalloc-rs-src": "dlmalloc-rs-src",
        "drm-rs-src": "drm-rs-src",
        "dust-src": "dust-src",
        "exampled-src": "exampled-src",
        "extrautils-src": "extrautils-src",
        "fd-src": "fd-src",
        "fdt-src": "fdt-src",
        "filetime-src": "filetime-src",
        "findutils-src": "findutils-src",
        "flake-parts": "flake-parts",
        "games-src": "games-src",
        "gdb-protocol-src": "gdb-protocol-src",
        "git-hooks": "git-hooks",
        "helix-src": "helix-src",
        "hexyl-src": "hexyl-src",
        "installer-src": "installer-src",
        "intelflash-src": "intelflash-src",
        "ion-src": "ion-src",
        "kernel-src": "kernel-src",
        "kprofiling-src": "kprofiling-src",
        "liblibc-src": "liblibc-src",
        "libredox-src": "libredox-src",
        "netdb-src": "netdb-src",
        "netutils-src": "netutils-src",
        "nixpkgs": "nixpkgs",
        "object-src": "object-src",
        "onefetch-src": "onefetch-src",
        "openlibm-src": "openlibm-src",
        "openssh-src": "openssh-src",
        "openssl-redox-src": "openssl-redox-src",
        "openssl3-src": "openssl3-src",
        "orbclient-src": "orbclient-src",
        "orbdata-src": "orbdata-src",
        "orbfont-src": "orbfont-src",
        "orbimage-src": "orbimage-src",
        "orbital-src": "orbital-src",
        "orbterm-src": "orbterm-src",
        "orbutils-src": "orbutils-src",
        "perg-src": "perg-src",
        "pkgar-src": "pkgar-src",
        "pkgutils-src": "pkgutils-src",
        "redox-log-src": "redox-log-src",
        "redox-path-src": "redox-path-src",
        "redox-scheme-src": "redox-scheme-src",
        "redox-src": "redox-src",
        "redox-syscall-src": "redox-syscall-src",
        "redoxer-src": "redoxer-src",
        "redoxfs-src": "redoxfs-src",
        "relibc-src": "relibc-src",
        "ring-redox-src": "ring-redox-src",
        "ripgrep-src": "ripgrep-src",
        "rmm-src": "rmm-src",
        "rust-overlay": "rust-overlay",
        "rustix-redox-src": "rustix-redox-src",
        "shellharden-src": "shellharden-src",
        "smith-src": "smith-src",
        "sodium-src": "sodium-src",
        "strace-redox-src": "strace-redox-src",
        "terminfo-src": "terminfo-src",
        "termion-src": "termion-src",
        "treefmt-nix": "treefmt-nix",
        "uefi-src": "uefi-src",
        "unit2nix": "unit2nix",
        "userutils-src": "userutils-src",
        "uutils-src": "uutils-src",
        "wasmtime-redox": "wasmtime-redox",
        "zoxide-src": "zoxide-src"
      }
    },
    "rust-overlay": {
      "inputs": {
        "nixpkgs": [
          "nixpkgs"
        ]
      },
      "locked": {
        "lastModified": 1779333539,
        "narHash": "sha256-lpmN2lrBDZDPjov2cbD3bOOJsI0fkKolKXasYPCqSys=",
        "owner": "oxalica",
        "repo": "rust-overlay",
        "rev": "672fa5fc5608d5cd82286a6f69aaf84a40b4fe41",
        "type": "github"
      },
      "original": {
        "owner": "oxalica",
        "repo": "rust-overlay",
        "type": "github"
      }
    },
    "rustix-redox-src": {
      "flake": false,
      "locked": {
        "lastModified": 1763067939,
        "narHash": "sha256-ecK1zipFvX805GOdD/3SbIqu0L9ACqFYiNd7NaaGtgo=",
        "owner": "jackpot51",
        "repo": "rustix",
        "rev": "e7e66bc77455251463336582c0b97df01054ccb8",
        "type": "github"
      },
      "original": {
        "owner": "jackpot51",
        "ref": "redox-ioctl",
        "repo": "rustix",
        "type": "github"
      }
    },
    "shellharden-src": {
      "flake": false,
      "locked": {
        "lastModified": 1711282753,
        "narHash": "sha256-aBX3RXfDhlXVMV8aPO0pu3527nDoYrUDUbH6crWO/W8=",
        "owner": "anordal",
        "repo": "shellharden",
        "rev": "d63188f981536c844d1ee384cb83af8607cbb8e6",
        "type": "github"
      },
      "original": {
        "owner": "anordal",
        "ref": "v4.3.1",
        "repo": "shellharden",
        "type": "github"
      }
    },
    "smith-src": {
      "flake": false,
      "locked": {
        "host": "gitlab.redox-os.org",
        "lastModified": 1729101825,
        "narHash": "sha256-7SFgaRqGUyOUvMoHGpSFVgZX+C4t6PFNC5QSfzBRZHg=",
        "owner": "redox-os",
        "repo": "Smith",
        "rev": "3f5086fff7a9a41fadaa201014cacb62b6aff406",
        "type": "gitlab"
      },
      "original": {
        "host": "gitlab.redox-os.org",
        "owner": "redox-os",
        "ref": "master",
        "repo": "Smith",
        "type": "gitlab"
      }
    },
    "sodium-src": {
      "flake": false,
      "locked": {
        "host": "gitlab.redox-os.org",
        "lastModified": 1733262248,
        "narHash": "sha256-pyDaMfdS+lm9eK7GhafR/GtNXEzdCphzuomE0Pbnk1Y=",
        "owner": "redox-os",
        "repo": "sodium",
        "rev": "43feb1333b739a3b6eeb476904e4aeabf3787650",
        "type": "gitlab"
      },
      "original": {
        "host": "gitlab.redox-os.org",
        "owner": "redox-os",
        "ref": "master",
        "repo": "sodium",
        "type": "gitlab"
      }
    },
    "strace-redox-src": {
      "flake": false,
      "locked": {
        "host": "gitlab.redox-os.org",
        "lastModified": 1721054904,
        "narHash": "sha256-2eF/luUabdpf//j85tNjSBQG479h9+q4yCgnBrsSjqk=",
        "owner": "redox-os",
        "repo": "strace-redox",
        "rev": "d77fdb0e393590ac11b0e6045647d87d1b51ae07",
        "type": "gitlab"
      },
      "original": {
        "host": "gitlab.redox-os.org",
        "owner": "redox-os",
        "ref": "master",
        "repo": "strace-redox",
        "type": "gitlab"
      }
    },
    "terminfo-src": {
      "flake": false,
      "locked": {
        "lastModified": 1512336690,
        "narHash": "sha256-Mvqe+sbIrrUZ8xsg+jt8Te1+6EGvpxPhqvyajlWV1wE=",
        "owner": "sajattack",
        "repo": "terminfo",
        "rev": "dc5712b13b4a4058ffca1f077167994b1764828a",
        "type": "github"
      },
      "original": {
        "owner": "sajattack",
        "repo": "terminfo",
        "type": "github"
      }
    },
    "termion-src": {
      "flake": false,
      "locked": {
        "host": "gitlab.redox-os.org",
        "lastModified": 1763752023,
        "narHash": "sha256-EI/S8FHrQ5uDqanwU3M5/XTGlIHPe929fSYq9434ygY=",
        "owner": "redox-os",
        "repo": "termion",
        "rev": "c784cec0a6f8d1b02692eb58d781acf172bb5959",
        "type": "gitlab"
      },
      "original": {
        "host": "gitlab.redox-os.org",
        "owner": "redox-os",
        "ref": "master",
        "repo": "termion",
        "type": "gitlab"
      }
    },
    "treefmt-nix": {
      "inputs": {
        "nixpkgs": [
          "nixpkgs"
        ]
      },
      "locked": {
        "lastModified": 1775636079,
        "narHash": "sha256-pc20NRoMdiar8oPQceQT47UUZMBTiMdUuWrYu2obUP0=",
        "owner": "numtide",
        "repo": "treefmt-nix",
        "rev": "790751ff7fd3801feeaf96d7dc416a8d581265ba",
        "type": "github"
      },
      "original": {
        "owner": "numtide",
        "repo": "treefmt-nix",
        "type": "github"
      }
    },
    "uefi-src": {
      "flake": false,
      "locked": {
        "host": "gitlab.redox-os.org",
        "lastModified": 1770044656,
        "narHash": "sha256-x+UQryP//WZgOVNYe8gMCdJbftmyzRVl33/83IH+Bt0=",
        "owner": "redox-os",
        "repo": "uefi",
        "rev": "26a499eeaf55d42fb24206830345e26fb8f5f835",
        "type": "gitlab"
      },
      "original": {
        "host": "gitlab.redox-os.org",
        "owner": "redox-os",
        "ref": "master",
        "repo": "uefi",
        "type": "gitlab"
      }
    },
    "unit2nix": {
      "inputs": {
        "flake-parts": "flake-parts_2",
        "nixpkgs": [
          "nixpkgs"
        ]
      },
      "locked": {
        "lastModified": 1776912549,
        "narHash": "sha256-gRcqbQ0NnPeS0rGVieUe1ojJ7MYPcG0NZ1pqnPmBUdc=",
        "owner": "brittonr",
        "repo": "unit2nix",
        "rev": "d4883180de0ce3033b7e4e2ab4216f33134863c5",
        "type": "github"
      },
      "original": {
        "owner": "brittonr",
        "repo": "unit2nix",
        "type": "github"
      }
    },
    "userutils-src": {
      "flake": false,
      "locked": {
        "host": "gitlab.redox-os.org",
        "lastModified": 1772373931,
        "narHash": "sha256-LkNSEURcoonK/pKi+7HDBYLQmj+z3QRektkELHWg3NM=",
        "owner": "redox-os",
        "repo": "userutils",
        "rev": "0c5274faa9a027d8594198bef8b344c11af9bc9d",
        "type": "gitlab"
      },
      "original": {
        "host": "gitlab.redox-os.org",
        "owner": "redox-os",
        "ref": "master",
        "repo": "userutils",
        "type": "gitlab"
      }
    },
    "uutils-src": {
      "flake": false,
      "locked": {
        "lastModified": 1719095370,
        "narHash": "sha256-6MbX3C5NVwiOwXW5xJO2X3qKMh3pUSALR9aK2IbgaaU=",
        "owner": "uutils",
        "repo": "coreutils",
        "rev": "9b11753e7cb06b0f76f4221fc237019c0a86f8f5",
        "type": "github"
      },
      "original": {
        "owner": "uutils",
        "ref": "0.0.27",
        "repo": "coreutils",
        "type": "github"
      }
    },
    "wasmtime-redox": {
      "inputs": {
        "nixpkgs": "nixpkgs_2",
        "wasmtime-src": "wasmtime-src"
      },
      "locked": {
        "lastModified": 1778508182,
        "narHash": "sha256-asDut/dDvyFJ/37VX88KTFG1nOyYaXSX9jtBFT3Enfg=",
        "path": "/home/brittonr/git/wasmtime-redox",
        "type": "path"
      },
      "original": {
        "path": "/home/brittonr/git/wasmtime-redox",
        "type": "path"
      }
    },
    "wasmtime-src": {
      "flake": false,
      "locked": {
        "lastModified": 1773985178,
        "narHash": "sha256-Mo+vNPxGprgjSRTw9LuZc3ms0DjCJyPG879wEasJzMA=",
        "owner": "bytecodealliance",
        "repo": "wasmtime",
        "rev": "be23469ece57c0be64904f12111c8d808b0ce4ac",
        "type": "github"
      },
      "original": {
        "owner": "bytecodealliance",
        "ref": "v43.0.0",
        "repo": "wasmtime",
        "type": "github"
      }
    },
    "zoxide-src": {
      "flake": false,
      "locked": {
        "lastModified": 1708470368,
        "narHash": "sha256-Yp7uLoFEDkb0TztcDCeAkt+EHQRt56ncPqkBtd/zzzI=",
        "owner": "ajeetdsouza",
        "repo": "zoxide",
        "rev": "418a78d348445ddca0e15b1e95c4f17e4c628b19",
        "type": "github"
      },
      "original": {
        "owner": "ajeetdsouza",
        "ref": "v0.9.4",
        "repo": "zoxide",
        "type": "github"
      }
    }
  },
  "root": "root",
  "version": 7
}
